
Microsoft Visual Studio Solution File, Format Version 12.00
# Visual Studio Version 16
VisualStudioVersion = 16.0.30907.101
MinimumVisualStudioVersion = 10.0.40219.1
Project("{FAE04EC0-301F-11D3-BF4B-00C04F79EFBC}") = "MyDictionary", "MyDictionary.csproj", "{BD8C46BD-7A34-40C6-95AB-FC6572C6ADA2}"
EndProject
Global
	GlobalSection(SolutionConfigurationPlatforms) = preSolution
		Debug|Any CPU = Debug|Any CPU
		Release|Any CPU = Release|Any CPU
	EndGlobalSection
	GlobalSection(ProjectConfigurationPlatforms) = postSolution
		{BD8C46BD-7A34-40C6-95AB-FC6572C6ADA2}.Debug|Any CPU.ActiveCfg = Debug|Any CPU
		{BD8C46BD-7A34-40C6-95AB-FC6572C6ADA2}.Debug|Any CPU.Build.0 = Debug|Any CPU
		{BD8C46BD-7A34-40C6-95AB-FC6572C6ADA2}.Release|Any CPU.ActiveCfg = Release|Any CPU
		{BD8C46BD-7A34-40C6-95AB-FC6572C6ADA2}.Release|Any CPU.Build.0 = Release|Any CPU
	EndGlobalSection
	GlobalSection(SolutionProperties) = preSolution
		HideSolutionNode = FALSE
	EndGlobalSection
	GlobalSection(ExtensibilityGlobals) = postSolution
		SolutionGuid = {F2DD4072-DEF2-426B-8A60-E2CB0D32B185}
	EndGlobalSection
EndGlobal
